
Microsoft Visual Studio Solution File, Format Version 12.00
# Visual Studio Version 16
VisualStudioVersion = 16.0.29519.87
MinimumVisualStudioVersion = 10.0.40219.1
Project("{8BC9CEB8-8B4A-11D0-8D11-00A0C91BC942}") = "inHouse", "inHouse\inHouse.vcxproj", "{7D6BCBC3-296D-4DCE-BC1B-2716D5D34444}"
EndProject
Project("{8BC9CEB8-8B4A-11D0-8D11-00A0C91BC942}") = "Utils", "Utils\Utils.vcxproj", "{2564CE86-0382-46AF-9E82-7BD5501110A5}"
EndProject
Project("{8BC9CEB8-8B4A-11D0-8D11-00A0C91BC942}") = "MQTT", "MQTT\MQTT.vcxproj", "{A842A081-33A5-4E93-B4C8-B1AFD925367C}"
EndProject
Project("{8BC9CEB8-8B4A-11D0-8D11-00A0C91BC942}") = "LCD", "LCD\LCD.vcxproj", "{9DFE9E09-E4D1-4A32-A932-E8680B959A8A}"
	ProjectSection(ProjectDependencies) = postProject
		{4A79B20A-4F97-4DED-8A73-CB34F10D51E2} = {4A79B20A-4F97-4DED-8A73-CB34F10D51E2}
	EndProjectSection
EndProject
Project("{8BC9CEB8-8B4A-11D0-8D11-00A0C91BC942}") = "IR", "IR\IR.vcxproj", "{3D2909C1-7FE1-496D-B7E3-B42A12554683}"
EndProject
Project("{8BC9CEB8-8B4A-11D0-8D11-00A0C91BC942}") = "RF", "RF\RF.vcxproj", "{51482B5C-5832-41DD-8AB0-21A55A70CB85}"
EndProject
Project("{8BC9CEB8-8B4A-11D0-8D11-00A0C91BC942}") = "Temp", "Temp\Temp.vcxproj", "{83563E1B-BC5F-4F42-A839-E03685BD5437}"
EndProject
Project("{8BC9CEB8-8B4A-11D0-8D11-00A0C91BC942}") = "Dispatcher", "Dispatcher\Dispatcher.vcxproj", "{4A79B20A-4F97-4DED-8A73-CB34F10D51E2}"
EndProject
Project("{8BC9CEB8-8B4A-11D0-8D11-00A0C91BC942}") = "Logger", "Logger\Logger.vcxproj", "{7B5CF203-6D4F-405D-885B-257CC3DADA96}"
EndProject
Global
	GlobalSection(SolutionConfigurationPlatforms) = preSolution
		Debug|ARM = Debug|ARM
		Debug|ARM64 = Debug|ARM64
		Debug|x64 = Debug|x64
		Debug|x86 = Debug|x86
		Release|ARM = Release|ARM
		Release|ARM64 = Release|ARM64
		Release|x64 = Release|x64
		Release|x86 = Release|x86
	EndGlobalSection
	GlobalSection(ProjectConfigurationPlatforms) = postSolution
		{7D6BCBC3-296D-4DCE-BC1B-2716D5D34444}.Debug|ARM.ActiveCfg = Debug|ARM
		{7D6BCBC3-296D-4DCE-BC1B-2716D5D34444}.Debug|ARM.Build.0 = Debug|ARM
		{7D6BCBC3-296D-4DCE-BC1B-2716D5D34444}.Debug|ARM.Deploy.0 = Debug|ARM
		{7D6BCBC3-296D-4DCE-BC1B-2716D5D34444}.Debug|ARM64.ActiveCfg = Debug|ARM64
		{7D6BCBC3-296D-4DCE-BC1B-2716D5D34444}.Debug|ARM64.Build.0 = Debug|ARM64
		{7D6BCBC3-296D-4DCE-BC1B-2716D5D34444}.Debug|ARM64.Deploy.0 = Debug|ARM64
		{7D6BCBC3-296D-4DCE-BC1B-2716D5D34444}.Debug|x64.ActiveCfg = Debug|x64
		{7D6BCBC3-296D-4DCE-BC1B-2716D5D34444}.Debug|x64.Build.0 = Debug|x64
		{7D6BCBC3-296D-4DCE-BC1B-2716D5D34444}.Debug|x64.Deploy.0 = Debug|x64
		{7D6BCBC3-296D-4DCE-BC1B-2716D5D34444}.Debug|x86.ActiveCfg = Debug|x86
		{7D6BCBC3-296D-4DCE-BC1B-2716D5D34444}.Debug|x86.Build.0 = Debug|x86
		{7D6BCBC3-296D-4DCE-BC1B-2716D5D34444}.Debug|x86.Deploy.0 = Debug|x86
		{7D6BCBC3-296D-4DCE-BC1B-2716D5D34444}.Release|ARM.ActiveCfg = Release|ARM
		{7D6BCBC3-296D-4DCE-BC1B-2716D5D34444}.Release|ARM.Build.0 = Release|ARM
		{7D6BCBC3-296D-4DCE-BC1B-2716D5D34444}.Release|ARM.Deploy.0 = Release|ARM
		{7D6BCBC3-296D-4DCE-BC1B-2716D5D34444}.Release|ARM64.ActiveCfg = Release|ARM64
		{7D6BCBC3-296D-4DCE-BC1B-2716D5D34444}.Release|ARM64.Build.0 = Release|ARM64
		{7D6BCBC3-296D-4DCE-BC1B-2716D5D34444}.Release|ARM64.Deploy.0 = Release|ARM64
		{7D6BCBC3-296D-4DCE-BC1B-2716D5D34444}.Release|x64.ActiveCfg = Release|x64
		{7D6BCBC3-296D-4DCE-BC1B-2716D5D34444}.Release|x64.Build.0 = Release|x64
		{7D6BCBC3-296D-4DCE-BC1B-2716D5D34444}.Release|x64.Deploy.0 = Release|x64
		{7D6BCBC3-296D-4DCE-BC1B-2716D5D34444}.Release|x86.ActiveCfg = Release|x86
		{7D6BCBC3-296D-4DCE-BC1B-2716D5D34444}.Release|x86.Build.0 = Release|x86
		{7D6BCBC3-296D-4DCE-BC1B-2716D5D34444}.Release|x86.Deploy.0 = Release|x86
		{2564CE86-0382-46AF-9E82-7BD5501110A5}.Debug|ARM.ActiveCfg = Debug|ARM
		{2564CE86-0382-46AF-9E82-7BD5501110A5}.Debug|ARM.Build.0 = Debug|ARM
		{2564CE86-0382-46AF-9E82-7BD5501110A5}.Debug|ARM.Deploy.0 = Debug|ARM
		{2564CE86-0382-46AF-9E82-7BD5501110A5}.Debug|ARM64.ActiveCfg = Debug|ARM64
		{2564CE86-0382-46AF-9E82-7BD5501110A5}.Debug|ARM64.Build.0 = Debug|ARM64
		{2564CE86-0382-46AF-9E82-7BD5501110A5}.Debug|ARM64.Deploy.0 = Debug|ARM64
		{2564CE86-0382-46AF-9E82-7BD5501110A5}.Debug|x64.ActiveCfg = Debug|x64
		{2564CE86-0382-46AF-9E82-7BD5501110A5}.Debug|x64.Build.0 = Debug|x64
		{2564CE86-0382-46AF-9E82-7BD5501110A5}.Debug|x64.Deploy.0 = Debug|x64
		{2564CE86-0382-46AF-9E82-7BD5501110A5}.Debug|x86.ActiveCfg = Debug|x86
		{2564CE86-0382-46AF-9E82-7BD5501110A5}.Debug|x86.Build.0 = Debug|x86
		{2564CE86-0382-46AF-9E82-7BD5501110A5}.Debug|x86.Deploy.0 = Debug|x86
		{2564CE86-0382-46AF-9E82-7BD5501110A5}.Release|ARM.ActiveCfg = Release|ARM
		{2564CE86-0382-46AF-9E82-7BD5501110A5}.Release|ARM.Build.0 = Release|ARM
		{2564CE86-0382-46AF-9E82-7BD5501110A5}.Release|ARM.Deploy.0 = Release|ARM
		{2564CE86-0382-46AF-9E82-7BD5501110A5}.Release|ARM64.ActiveCfg = Release|ARM64
		{2564CE86-0382-46AF-9E82-7BD5501110A5}.Release|ARM64.Build.0 = Release|ARM64
		{2564CE86-0382-46AF-9E82-7BD5501110A5}.Release|ARM64.Deploy.0 = Release|ARM64
		{2564CE86-0382-46AF-9E82-7BD5501110A5}.Release|x64.ActiveCfg = Release|x64
		{2564CE86-0382-46AF-9E82-7BD5501110A5}.Release|x64.Build.0 = Release|x64
		{2564CE86-0382-46AF-9E82-7BD5501110A5}.Release|x64.Deploy.0 = Release|x64
		{2564CE86-0382-46AF-9E82-7BD5501110A5}.Release|x86.ActiveCfg = Release|x86
		{2564CE86-0382-46AF-9E82-7BD5501110A5}.Release|x86.Build.0 = Release|x86
		{2564CE86-0382-46AF-9E82-7BD5501110A5}.Release|x86.Deploy.0 = Release|x86
		{A842A081-33A5-4E93-B4C8-B1AFD925367C}.Debug|ARM.ActiveCfg = Debug|ARM
		{A842A081-33A5-4E93-B4C8-B1AFD925367C}.Debug|ARM.Build.0 = Debug|ARM
		{A842A081-33A5-4E93-B4C8-B1AFD925367C}.Debug|ARM.Deploy.0 = Debug|ARM
		{A842A081-33A5-4E93-B4C8-B1AFD925367C}.Debug|ARM64.ActiveCfg = Debug|ARM64
		{A842A081-33A5-4E93-B4C8-B1AFD925367C}.Debug|ARM64.Build.0 = Debug|ARM64
		{A842A081-33A5-4E93-B4C8-B1AFD925367C}.Debug|ARM64.Deploy.0 = Debug|ARM64
		{A842A081-33A5-4E93-B4C8-B1AFD925367C}.Debug|x64.ActiveCfg = Debug|x64
		{A842A081-33A5-4E93-B4C8-B1AFD925367C}.Debug|x64.Build.0 = Debug|x64
		{A842A081-33A5-4E93-B4C8-B1AFD925367C}.Debug|x64.Deploy.0 = Debug|x64
		{A842A081-33A5-4E93-B4C8-B1AFD925367C}.Debug|x86.ActiveCfg = Debug|x86
		{A842A081-33A5-4E93-B4C8-B1AFD925367C}.Debug|x86.Build.0 = Debug|x86
		{A842A081-33A5-4E93-B4C8-B1AFD925367C}.Debug|x86.Deploy.0 = Debug|x86
		{A842A081-33A5-4E93-B4C8-B1AFD925367C}.Release|ARM.ActiveCfg = Release|ARM
		{A842A081-33A5-4E93-B4C8-B1AFD925367C}.Release|ARM.Build.0 = Release|ARM
		{A842A081-33A5-4E93-B4C8-B1AFD925367C}.Release|ARM.Deploy.0 = Release|ARM
		{A842A081-33A5-4E93-B4C8-B1AFD925367C}.Release|ARM64.ActiveCfg = Release|ARM64
		{A842A081-33A5-4E93-B4C8-B1AFD925367C}.Release|ARM64.Build.0 = Release|ARM64
		{A842A081-33A5-4E93-B4C8-B1AFD925367C}.Release|ARM64.Deploy.0 = Release|ARM64
		{A842A081-33A5-4E93-B4C8-B1AFD925367C}.Release|x64.ActiveCfg = Release|x64
		{A842A081-33A5-4E93-B4C8-B1AFD925367C}.Release|x64.Build.0 = Release|x64
		{A842A081-33A5-4E93-B4C8-B1AFD925367C}.Release|x64.Deploy.0 = Release|x64
		{A842A081-33A5-4E93-B4C8-B1AFD925367C}.Release|x86.ActiveCfg = Release|x86
		{A842A081-33A5-4E93-B4C8-B1AFD925367C}.Release|x86.Build.0 = Release|x86
		{A842A081-33A5-4E93-B4C8-B1AFD925367C}.Release|x86.Deploy.0 = Release|x86
		{9DFE9E09-E4D1-4A32-A932-E8680B959A8A}.Debug|ARM.ActiveCfg = Debug|ARM
		{9DFE9E09-E4D1-4A32-A932-E8680B959A8A}.Debug|ARM.Build.0 = Debug|ARM
		{9DFE9E09-E4D1-4A32-A932-E8680B959A8A}.Debug|ARM.Deploy.0 = Debug|ARM
		{9DFE9E09-E4D1-4A32-A932-E8680B959A8A}.Debug|ARM64.ActiveCfg = Debug|ARM64
		{9DFE9E09-E4D1-4A32-A932-E8680B959A8A}.Debug|ARM64.Build.0 = Debug|ARM64
		{9DFE9E09-E4D1-4A32-A932-E8680B959A8A}.Debug|ARM64.Deploy.0 = Debug|ARM64
		{9DFE9E09-E4D1-4A32-A932-E8680B959A8A}.Debug|x64.ActiveCfg = Debug|x64
		{9DFE9E09-E4D1-4A32-A932-E8680B959A8A}.Debug|x64.Build.0 = Debug|x64
		{9DFE9E09-E4D1-4A32-A932-E8680B959A8A}.Debug|x64.Deploy.0 = Debug|x64
		{9DFE9E09-E4D1-4A32-A932-E8680B959A8A}.Debug|x86.ActiveCfg = Debug|x86
		{9DFE9E09-E4D1-4A32-A932-E8680B959A8A}.Debug|x86.Build.0 = Debug|x86
		{9DFE9E09-E4D1-4A32-A932-E8680B959A8A}.Debug|x86.Deploy.0 = Debug|x86
		{9DFE9E09-E4D1-4A32-A932-E8680B959A8A}.Release|ARM.ActiveCfg = Release|ARM
		{9DFE9E09-E4D1-4A32-A932-E8680B959A8A}.Release|ARM.Build.0 = Release|ARM
		{9DFE9E09-E4D1-4A32-A932-E8680B959A8A}.Release|ARM.Deploy.0 = Release|ARM
		{9DFE9E09-E4D1-4A32-A932-E8680B959A8A}.Release|ARM64.ActiveCfg = Release|ARM64
		{9DFE9E09-E4D1-4A32-A932-E8680B959A8A}.Release|ARM64.Build.0 = Release|ARM64
		{9DFE9E09-E4D1-4A32-A932-E8680B959A8A}.Release|ARM64.Deploy.0 = Release|ARM64
		{9DFE9E09-E4D1-4A32-A932-E8680B959A8A}.Release|x64.ActiveCfg = Release|x64
		{9DFE9E09-E4D1-4A32-A932-E8680B959A8A}.Release|x64.Build.0 = Release|x64
		{9DFE9E09-E4D1-4A32-A932-E8680B959A8A}.Release|x64.Deploy.0 = Release|x64
		{9DFE9E09-E4D1-4A32-A932-E8680B959A8A}.Release|x86.ActiveCfg = Release|x86
		{9DFE9E09-E4D1-4A32-A932-E8680B959A8A}.Release|x86.Build.0 = Release|x86
		{9DFE9E09-E4D1-4A32-A932-E8680B959A8A}.Release|x86.Deploy.0 = Release|x86
		{3D2909C1-7FE1-496D-B7E3-B42A12554683}.Debug|ARM.ActiveCfg = Debug|ARM
		{3D2909C1-7FE1-496D-B7E3-B42A12554683}.Debug|ARM.Build.0 = Debug|ARM
		{3D2909C1-7FE1-496D-B7E3-B42A12554683}.Debug|ARM.Deploy.0 = Debug|ARM
		{3D2909C1-7FE1-496D-B7E3-B42A12554683}.Debug|ARM64.ActiveCfg = Debug|ARM64
		{3D2909C1-7FE1-496D-B7E3-B42A12554683}.Debug|ARM64.Build.0 = Debug|ARM64
		{3D2909C1-7FE1-496D-B7E3-B42A12554683}.Debug|ARM64.Deploy.0 = Debug|ARM64
		{3D2909C1-7FE1-496D-B7E3-B42A12554683}.Debug|x64.ActiveCfg = Debug|x64
		{3D2909C1-7FE1-496D-B7E3-B42A12554683}.Debug|x64.Build.0 = Debug|x64
		{3D2909C1-7FE1-496D-B7E3-B42A12554683}.Debug|x64.Deploy.0 = Debug|x64
		{3D2909C1-7FE1-496D-B7E3-B42A12554683}.Debug|x86.ActiveCfg = Debug|x86
		{3D2909C1-7FE1-496D-B7E3-B42A12554683}.Debug|x86.Build.0 = Debug|x86
		{3D2909C1-7FE1-496D-B7E3-B42A12554683}.Debug|x86.Deploy.0 = Debug|x86
		{3D2909C1-7FE1-496D-B7E3-B42A12554683}.Release|ARM.ActiveCfg = Release|ARM
		{3D2909C1-7FE1-496D-B7E3-B42A12554683}.Release|ARM.Build.0 = Release|ARM
		{3D2909C1-7FE1-496D-B7E3-B42A12554683}.Release|ARM.Deploy.0 = Release|ARM
		{3D2909C1-7FE1-496D-B7E3-B42A12554683}.Release|ARM64.ActiveCfg = Release|ARM64
		{3D2909C1-7FE1-496D-B7E3-B42A12554683}.Release|ARM64.Build.0 = Release|ARM64
		{3D2909C1-7FE1-496D-B7E3-B42A12554683}.Release|ARM64.Deploy.0 = Release|ARM64
		{3D2909C1-7FE1-496D-B7E3-B42A12554683}.Release|x64.ActiveCfg = Release|x64
		{3D2909C1-7FE1-496D-B7E3-B42A12554683}.Release|x64.Build.0 = Release|x64
		{3D2909C1-7FE1-496D-B7E3-B42A12554683}.Release|x64.Deploy.0 = Release|x64
		{3D2909C1-7FE1-496D-B7E3-B42A12554683}.Release|x86.ActiveCfg = Release|x86
		{3D2909C1-7FE1-496D-B7E3-B42A12554683}.Release|x86.Build.0 = Release|x86
		{3D2909C1-7FE1-496D-B7E3-B42A12554683}.Release|x86.Deploy.0 = Release|x86
		{51482B5C-5832-41DD-8AB0-21A55A70CB85}.Debug|ARM.ActiveCfg = Debug|ARM
		{51482B5C-5832-41DD-8AB0-21A55A70CB85}.Debug|ARM.Build.0 = Debug|ARM
		{51482B5C-5832-41DD-8AB0-21A55A70CB85}.Debug|ARM.Deploy.0 = Debug|ARM
		{51482B5C-5832-41DD-8AB0-21A55A70CB85}.Debug|ARM64.ActiveCfg = Debug|ARM64
		{51482B5C-5832-41DD-8AB0-21A55A70CB85}.Debug|ARM64.Build.0 = Debug|ARM64
		{51482B5C-5832-41DD-8AB0-21A55A70CB85}.Debug|ARM64.Deploy.0 = Debug|ARM64
		{51482B5C-5832-41DD-8AB0-21A55A70CB85}.Debug|x64.ActiveCfg = Debug|x64
		{51482B5C-5832-41DD-8AB0-21A55A70CB85}.Debug|x64.Build.0 = Debug|x64
		{51482B5C-5832-41DD-8AB0-21A55A70CB85}.Debug|x64.Deploy.0 = Debug|x64
		{51482B5C-5832-41DD-8AB0-21A55A70CB85}.Debug|x86.ActiveCfg = Debug|x86
		{51482B5C-5832-41DD-8AB0-21A55A70CB85}.Debug|x86.Build.0 = Debug|x86
		{51482B5C-5832-41DD-8AB0-21A55A70CB85}.Debug|x86.Deploy.0 = Debug|x86
		{51482B5C-5832-41DD-8AB0-21A55A70CB85}.Release|ARM.ActiveCfg = Release|ARM
		{51482B5C-5832-41DD-8AB0-21A55A70CB85}.Release|ARM.Build.0 = Release|ARM
		{51482B5C-5832-41DD-8AB0-21A55A70CB85}.Release|ARM.Deploy.0 = Release|ARM
		{51482B5C-5832-41DD-8AB0-21A55A70CB85}.Release|ARM64.ActiveCfg = Release|ARM64
		{51482B5C-5832-41DD-8AB0-21A55A70CB85}.Release|ARM64.Build.0 = Release|ARM64
		{51482B5C-5832-41DD-8AB0-21A55A70CB85}.Release|ARM64.Deploy.0 = Release|ARM64
		{51482B5C-5832-41DD-8AB0-21A55A70CB85}.Release|x64.ActiveCfg = Release|x64
		{51482B5C-5832-41DD-8AB0-21A55A70CB85}.Release|x64.Build.0 = Release|x64
		{51482B5C-5832-41DD-8AB0-21A55A70CB85}.Release|x64.Deploy.0 = Release|x64
		{51482B5C-5832-41DD-8AB0-21A55A70CB85}.Release|x86.ActiveCfg = Release|x86
		{51482B5C-5832-41DD-8AB0-21A55A70CB85}.Release|x86.Build.0 = Release|x86
		{51482B5C-5832-41DD-8AB0-21A55A70CB85}.Release|x86.Deploy.0 = Release|x86
		{83563E1B-BC5F-4F42-A839-E03685BD5437}.Debug|ARM.ActiveCfg = Debug|ARM
		{83563E1B-BC5F-4F42-A839-E03685BD5437}.Debug|ARM.Build.0 = Debug|ARM
		{83563E1B-BC5F-4F42-A839-E03685BD5437}.Debug|ARM.Deploy.0 = Debug|ARM
		{83563E1B-BC5F-4F42-A839-E03685BD5437}.Debug|ARM64.ActiveCfg = Debug|ARM64
		{83563E1B-BC5F-4F42-A839-E03685BD5437}.Debug|ARM64.Build.0 = Debug|ARM64
		{83563E1B-BC5F-4F42-A839-E03685BD5437}.Debug|ARM64.Deploy.0 = Debug|ARM64
		{83563E1B-BC5F-4F42-A839-E03685BD5437}.Debug|x64.ActiveCfg = Debug|x64
		{83563E1B-BC5F-4F42-A839-E03685BD5437}.Debug|x64.Build.0 = Debug|x64
		{83563E1B-BC5F-4F42-A839-E03685BD5437}.Debug|x64.Deploy.0 = Debug|x64
		{83563E1B-BC5F-4F42-A839-E03685BD5437}.Debug|x86.ActiveCfg = Debug|x86
		{83563E1B-BC5F-4F42-A839-E03685BD5437}.Debug|x86.Build.0 = Debug|x86
		{83563E1B-BC5F-4F42-A839-E03685BD5437}.Debug|x86.Deploy.0 = Debug|x86
		{83563E1B-BC5F-4F42-A839-E03685BD5437}.Release|ARM.ActiveCfg = Release|ARM
		{83563E1B-BC5F-4F42-A839-E03685BD5437}.Release|ARM.Build.0 = Release|ARM
		{83563E1B-BC5F-4F42-A839-E03685BD5437}.Release|ARM.Deploy.0 = Release|ARM
		{83563E1B-BC5F-4F42-A839-E03685BD5437}.Release|ARM64.ActiveCfg = Release|ARM64
		{83563E1B-BC5F-4F42-A839-E03685BD5437}.Release|ARM64.Build.0 = Release|ARM64
		{83563E1B-BC5F-4F42-A839-E03685BD5437}.Release|ARM64.Deploy.0 = Release|ARM64
		{83563E1B-BC5F-4F42-A839-E03685BD5437}.Release|x64.ActiveCfg = Release|x64
		{83563E1B-BC5F-4F42-A839-E03685BD5437}.Release|x64.Build.0 = Release|x64
		{83563E1B-BC5F-4F42-A839-E03685BD5437}.Release|x64.Deploy.0 = Release|x64
		{83563E1B-BC5F-4F42-A839-E03685BD5437}.Release|x86.ActiveCfg = Release|x86
		{83563E1B-BC5F-4F42-A839-E03685BD5437}.Release|x86.Build.0 = Release|x86
		{83563E1B-BC5F-4F42-A839-E03685BD5437}.Release|x86.Deploy.0 = Release|x86
		{4A79B20A-4F97-4DED-8A73-CB34F10D51E2}.Debug|ARM.ActiveCfg = Debug|ARM
		{4A79B20A-4F97-4DED-8A73-CB34F10D51E2}.Debug|ARM.Build.0 = Debug|ARM
		{4A79B20A-4F97-4DED-8A73-CB34F10D51E2}.Debug|ARM.Deploy.0 = Debug|ARM
		{4A79B20A-4F97-4DED-8A73-CB34F10D51E2}.Debug|ARM64.ActiveCfg = Debug|ARM64
		{4A79B20A-4F97-4DED-8A73-CB34F10D51E2}.Debug|ARM64.Build.0 = Debug|ARM64
		{4A79B20A-4F97-4DED-8A73-CB34F10D51E2}.Debug|ARM64.Deploy.0 = Debug|ARM64
		{4A79B20A-4F97-4DED-8A73-CB34F10D51E2}.Debug|x64.ActiveCfg = Debug|x64
		{4A79B20A-4F97-4DED-8A73-CB34F10D51E2}.Debug|x64.Build.0 = Debug|x64
		{4A79B20A-4F97-4DED-8A73-CB34F10D51E2}.Debug|x64.Deploy.0 = Debug|x64
		{4A79B20A-4F97-4DED-8A73-CB34F10D51E2}.Debug|x86.ActiveCfg = Debug|x86
		{4A79B20A-4F97-4DED-8A73-CB34F10D51E2}.Debug|x86.Build.0 = Debug|x86
		{4A79B20A-4F97-4DED-8A73-CB34F10D51E2}.Debug|x86.Deploy.0 = Debug|x86
		{4A79B20A-4F97-4DED-8A73-CB34F10D51E2}.Release|ARM.ActiveCfg = Release|ARM
		{4A79B20A-4F97-4DED-8A73-CB34F10D51E2}.Release|ARM.Build.0 = Release|ARM
		{4A79B20A-4F97-4DED-8A73-CB34F10D51E2}.Release|ARM.Deploy.0 = Release|ARM
		{4A79B20A-4F97-4DED-8A73-CB34F10D51E2}.Release|ARM64.ActiveCfg = Release|ARM64
		{4A79B20A-4F97-4DED-8A73-CB34F10D51E2}.Release|ARM64.Build.0 = Release|ARM64
		{4A79B20A-4F97-4DED-8A73-CB34F10D51E2}.Release|ARM64.Deploy.0 = Release|ARM64
		{4A79B20A-4F97-4DED-8A73-CB34F10D51E2}.Release|x64.ActiveCfg = Release|x64
		{4A79B20A-4F97-4DED-8A73-CB34F10D51E2}.Release|x64.Build.0 = Release|x64
		{4A79B20A-4F97-4DED-8A73-CB34F10D51E2}.Release|x64.Deploy.0 = Release|x64
		{4A79B20A-4F97-4DED-8A73-CB34F10D51E2}.Release|x86.ActiveCfg = Release|x86
		{4A79B20A-4F97-4DED-8A73-CB34F10D51E2}.Release|x86.Build.0 = Release|x86
		{4A79B20A-4F97-4DED-8A73-CB34F10D51E2}.Release|x86.Deploy.0 = Release|x86
		{7B5CF203-6D4F-405D-885B-257CC3DADA96}.Debug|ARM.ActiveCfg = Debug|ARM
		{7B5CF203-6D4F-405D-885B-257CC3DADA96}.Debug|ARM.Build.0 = Debug|ARM
		{7B5CF203-6D4F-405D-885B-257CC3DADA96}.Debug|ARM.Deploy.0 = Debug|ARM
		{7B5CF203-6D4F-405D-885B-257CC3DADA96}.Debug|ARM64.ActiveCfg = Debug|ARM64
		{7B5CF203-6D4F-405D-885B-257CC3DADA96}.Debug|ARM64.Build.0 = Debug|ARM64
		{7B5CF203-6D4F-405D-885B-257CC3DADA96}.Debug|ARM64.Deploy.0 = Debug|ARM64
		{7B5CF203-6D4F-405D-885B-257CC3DADA96}.Debug|x64.ActiveCfg = Debug|x64
		{7B5CF203-6D4F-405D-885B-257CC3DADA96}.Debug|x64.Build.0 = Debug|x64
		{7B5CF203-6D4F-405D-885B-257CC3DADA96}.Debug|x64.Deploy.0 = Debug|x64
		{7B5CF203-6D4F-405D-885B-257CC3DADA96}.Debug|x86.ActiveCfg = Debug|x86
		{7B5CF203-6D4F-405D-885B-257CC3DADA96}.Debug|x86.Build.0 = Debug|x86
		{7B5CF203-6D4F-405D-885B-257CC3DADA96}.Debug|x86.Deploy.0 = Debug|x86
		{7B5CF203-6D4F-405D-885B-257CC3DADA96}.Release|ARM.ActiveCfg = Release|ARM
		{7B5CF203-6D4F-405D-885B-257CC3DADA96}.Release|ARM.Build.0 = Release|ARM
		{7B5CF203-6D4F-405D-885B-257CC3DADA96}.Release|ARM.Deploy.0 = Release|ARM
		{7B5CF203-6D4F-405D-885B-257CC3DADA96}.Release|ARM64.ActiveCfg = Release|ARM64
		{7B5CF203-6D4F-405D-885B-257CC3DADA96}.Release|ARM64.Build.0 = Release|ARM64
		{7B5CF203-6D4F-405D-885B-257CC3DADA96}.Release|ARM64.Deploy.0 = Release|ARM64
		{7B5CF203-6D4F-405D-885B-257CC3DADA96}.Release|x64.ActiveCfg = Release|x64
		{7B5CF203-6D4F-405D-885B-257CC3DADA96}.Release|x64.Build.0 = Release|x64
		{7B5CF203-6D4F-405D-885B-257CC3DADA96}.Release|x64.Deploy.0 = Release|x64
		{7B5CF203-6D4F-405D-885B-257CC3DADA96}.Release|x86.ActiveCfg = Release|x86
		{7B5CF203-6D4F-405D-885B-257CC3DADA96}.Release|x86.Build.0 = Release|x86
		{7B5CF203-6D4F-405D-885B-257CC3DADA96}.Release|x86.Deploy.0 = Release|x86
	EndGlobalSection
	GlobalSection(SolutionProperties) = preSolution
		HideSolutionNode = FALSE
	EndGlobalSection
	GlobalSection(ExtensibilityGlobals) = postSolution
		SolutionGuid = {339F851A-2022-47F0-A2F5-2ADFCCF0614C}
	EndGlobalSection
EndGlobal
